
Microsoft Visual Studio Solution File, Format Version 12.00
# Visual Studio Version 16
VisualStudioVersion = 16.0.31129.286
MinimumVisualStudioVersion = 10.0.40219.1
Project("{FAE04EC0-301F-11D3-BF4B-00C04F79EFBC}") = "CharCheck", "CharCheck.csproj", "{D3AD0D83-3F43-4BE0-94FE-04D7002282AA}"
EndProject
Global
	GlobalSection(SolutionConfigurationPlatforms) = preSolution
		Debug|Any CPU = Debug|Any CPU
		Release|Any CPU = Release|Any CPU
	EndGlobalSection
	GlobalSection(ProjectConfigurationPlatforms) = postSolution
		{D3AD0D83-3F43-4BE0-94FE-04D7002282AA}.Debug|Any CPU.ActiveCfg = Debug|Any CPU
		{D3AD0D83-3F43-4BE0-94FE-04D7002282AA}.Debug|Any CPU.Build.0 = Debug|Any CPU
		{D3AD0D83-3F43-4BE0-94FE-04D7002282AA}.Release|Any CPU.ActiveCfg = Release|Any CPU
		{D3AD0D83-3F43-4BE0-94FE-04D7002282AA}.Release|Any CPU.Build.0 = Release|Any CPU
	EndGlobalSection
	GlobalSection(SolutionProperties) = preSolution
		HideSolutionNode = FALSE
	EndGlobalSection
	GlobalSection(ExtensibilityGlobals) = postSolution
		SolutionGuid = {7262F16E-4034-4E08-AF84-78AF9048E8BF}
	EndGlobalSection
EndGlobal
