
Microsoft Visual Studio Solution File, Format Version 12.00
# Visual Studio Version 16
VisualStudioVersion = 16.0.31911.196
MinimumVisualStudioVersion = 10.0.40219.1
Project("{FAE04EC0-301F-11D3-BF4B-00C04F79EFBC}") = "CarDealership", "CarDealership\CarDealership.csproj", "{4530EB63-EA76-4521-A70C-2C0FC7E40D84}"
EndProject
Global
	GlobalSection(SolutionConfigurationPlatforms) = preSolution
		Debug|Any CPU = Debug|Any CPU
		Release|Any CPU = Release|Any CPU
	EndGlobalSection
	GlobalSection(ProjectConfigurationPlatforms) = postSolution
		{4530EB63-EA76-4521-A70C-2C0FC7E40D84}.Debug|Any CPU.ActiveCfg = Debug|Any CPU
		{4530EB63-EA76-4521-A70C-2C0FC7E40D84}.Debug|Any CPU.Build.0 = Debug|Any CPU
		{4530EB63-EA76-4521-A70C-2C0FC7E40D84}.Release|Any CPU.ActiveCfg = Release|Any CPU
		{4530EB63-EA76-4521-A70C-2C0FC7E40D84}.Release|Any CPU.Build.0 = Release|Any CPU
	EndGlobalSection
	GlobalSection(SolutionProperties) = preSolution
		HideSolutionNode = FALSE
	EndGlobalSection
	GlobalSection(ExtensibilityGlobals) = postSolution
		SolutionGuid = {35B6FA65-C333-469F-B428-3DA51A0FD75A}
	EndGlobalSection
EndGlobal
