
Microsoft Visual Studio Solution File, Format Version 12.00
# Visual Studio Version 16
VisualStudioVersion = 16.0.31129.286
MinimumVisualStudioVersion = 10.0.40219.1
Project("{FAE04EC0-301F-11D3-BF4B-00C04F79EFBC}") = "While-arvonta", "While-arvonta.csproj", "{15382ED2-E931-495F-9EB0-9420FA4F1358}"
EndProject
Global
	GlobalSection(SolutionConfigurationPlatforms) = preSolution
		Debug|Any CPU = Debug|Any CPU
		Release|Any CPU = Release|Any CPU
	EndGlobalSection
	GlobalSection(ProjectConfigurationPlatforms) = postSolution
		{15382ED2-E931-495F-9EB0-9420FA4F1358}.Debug|Any CPU.ActiveCfg = Debug|Any CPU
		{15382ED2-E931-495F-9EB0-9420FA4F1358}.Debug|Any CPU.Build.0 = Debug|Any CPU
		{15382ED2-E931-495F-9EB0-9420FA4F1358}.Release|Any CPU.ActiveCfg = Release|Any CPU
		{15382ED2-E931-495F-9EB0-9420FA4F1358}.Release|Any CPU.Build.0 = Release|Any CPU
	EndGlobalSection
	GlobalSection(SolutionProperties) = preSolution
		HideSolutionNode = FALSE
	EndGlobalSection
	GlobalSection(ExtensibilityGlobals) = postSolution
		SolutionGuid = {3301019E-FEA8-4816-9C27-5750BA80BAE2}
	EndGlobalSection
EndGlobal
