
Microsoft Visual Studio Solution File, Format Version 12.00
# Visual Studio Version 16
VisualStudioVersion = 16.0.31229.75
MinimumVisualStudioVersion = 10.0.40219.1
Project("{FAE04EC0-301F-11D3-BF4B-00C04F79EFBC}") = "Battleship", "Battleship.csproj", "{FBA3AD78-AE4C-49BE-AE2B-7A2A0D06DB7D}"
EndProject
Global
	GlobalSection(SolutionConfigurationPlatforms) = preSolution
		Debug|Any CPU = Debug|Any CPU
		Release|Any CPU = Release|Any CPU
	EndGlobalSection
	GlobalSection(ProjectConfigurationPlatforms) = postSolution
		{FBA3AD78-AE4C-49BE-AE2B-7A2A0D06DB7D}.Debug|Any CPU.ActiveCfg = Debug|Any CPU
		{FBA3AD78-AE4C-49BE-AE2B-7A2A0D06DB7D}.Debug|Any CPU.Build.0 = Debug|Any CPU
		{FBA3AD78-AE4C-49BE-AE2B-7A2A0D06DB7D}.Release|Any CPU.ActiveCfg = Release|Any CPU
		{FBA3AD78-AE4C-49BE-AE2B-7A2A0D06DB7D}.Release|Any CPU.Build.0 = Release|Any CPU
	EndGlobalSection
	GlobalSection(SolutionProperties) = preSolution
		HideSolutionNode = FALSE
	EndGlobalSection
	GlobalSection(ExtensibilityGlobals) = postSolution
		SolutionGuid = {BCF55DEE-D2AF-47A0-A2A5-E1766C6E2A8D}
	EndGlobalSection
EndGlobal
