
Microsoft Visual Studio Solution File, Format Version 12.00
# Visual Studio Version 16
VisualStudioVersion = 16.0.31105.61
MinimumVisualStudioVersion = 10.0.40219.1
Project("{9A19103F-16F7-4668-BE54-9A1E7A4F7556}") = "ForLoop", "ForLoop.csproj", "{7BCE30AB-1BE1-4F32-BE7C-EBD16CBCB424}"
EndProject
Global
	GlobalSection(SolutionConfigurationPlatforms) = preSolution
		Debug|Any CPU = Debug|Any CPU
		Release|Any CPU = Release|Any CPU
	EndGlobalSection
	GlobalSection(ProjectConfigurationPlatforms) = postSolution
		{7BCE30AB-1BE1-4F32-BE7C-EBD16CBCB424}.Debug|Any CPU.ActiveCfg = Debug|Any CPU
		{7BCE30AB-1BE1-4F32-BE7C-EBD16CBCB424}.Debug|Any CPU.Build.0 = Debug|Any CPU
		{7BCE30AB-1BE1-4F32-BE7C-EBD16CBCB424}.Release|Any CPU.ActiveCfg = Release|Any CPU
		{7BCE30AB-1BE1-4F32-BE7C-EBD16CBCB424}.Release|Any CPU.Build.0 = Release|Any CPU
	EndGlobalSection
	GlobalSection(SolutionProperties) = preSolution
		HideSolutionNode = FALSE
	EndGlobalSection
	GlobalSection(ExtensibilityGlobals) = postSolution
		SolutionGuid = {E090CCE4-1406-4CF2-9B08-F2B2DC597212}
	EndGlobalSection
EndGlobal
