
Microsoft Visual Studio Solution File, Format Version 12.00
# Visual Studio Version 16
VisualStudioVersion = 16.0.31129.286
MinimumVisualStudioVersion = 10.0.40219.1
Project("{FAE04EC0-301F-11D3-BF4B-00C04F79EFBC}") = "Quotient", "Quotient.csproj", "{7ECF99F4-D861-45FE-BF0C-FB9F3FDE1432}"
EndProject
Global
	GlobalSection(SolutionConfigurationPlatforms) = preSolution
		Debug|Any CPU = Debug|Any CPU
		Release|Any CPU = Release|Any CPU
	EndGlobalSection
	GlobalSection(ProjectConfigurationPlatforms) = postSolution
		{7ECF99F4-D861-45FE-BF0C-FB9F3FDE1432}.Debug|Any CPU.ActiveCfg = Debug|Any CPU
		{7ECF99F4-D861-45FE-BF0C-FB9F3FDE1432}.Debug|Any CPU.Build.0 = Debug|Any CPU
		{7ECF99F4-D861-45FE-BF0C-FB9F3FDE1432}.Release|Any CPU.ActiveCfg = Release|Any CPU
		{7ECF99F4-D861-45FE-BF0C-FB9F3FDE1432}.Release|Any CPU.Build.0 = Release|Any CPU
	EndGlobalSection
	GlobalSection(SolutionProperties) = preSolution
		HideSolutionNode = FALSE
	EndGlobalSection
	GlobalSection(ExtensibilityGlobals) = postSolution
		SolutionGuid = {8B117FE8-F345-4BF8-914E-27496C47BD70}
	EndGlobalSection
EndGlobal
