
Microsoft Visual Studio Solution File, Format Version 12.00
# Visual Studio Version 16
VisualStudioVersion = 16.0.31129.286
MinimumVisualStudioVersion = 10.0.40219.1
Project("{9A19103F-16F7-4668-BE54-9A1E7A4F7556}") = "List", "List.csproj", "{CAE3E479-EBBE-468D-B7AC-D4FE7885A860}"
EndProject
Global
	GlobalSection(SolutionConfigurationPlatforms) = preSolution
		Debug|Any CPU = Debug|Any CPU
		Release|Any CPU = Release|Any CPU
	EndGlobalSection
	GlobalSection(ProjectConfigurationPlatforms) = postSolution
		{CAE3E479-EBBE-468D-B7AC-D4FE7885A860}.Debug|Any CPU.ActiveCfg = Debug|Any CPU
		{CAE3E479-EBBE-468D-B7AC-D4FE7885A860}.Debug|Any CPU.Build.0 = Debug|Any CPU
		{CAE3E479-EBBE-468D-B7AC-D4FE7885A860}.Release|Any CPU.ActiveCfg = Release|Any CPU
		{CAE3E479-EBBE-468D-B7AC-D4FE7885A860}.Release|Any CPU.Build.0 = Release|Any CPU
	EndGlobalSection
	GlobalSection(SolutionProperties) = preSolution
		HideSolutionNode = FALSE
	EndGlobalSection
	GlobalSection(ExtensibilityGlobals) = postSolution
		SolutionGuid = {80074FFA-4DD7-4338-915A-658595CE5836}
	EndGlobalSection
EndGlobal
