
Microsoft Visual Studio Solution File, Format Version 12.00
# Visual Studio Version 16
VisualStudioVersion = 16.0.31129.286
MinimumVisualStudioVersion = 10.0.40219.1
Project("{FAE04EC0-301F-11D3-BF4B-00C04F79EFBC}") = "Keskiarvo", "Keskiarvo.csproj", "{4054FB89-A408-416E-BD5B-B44B288CE203}"
EndProject
Global
	GlobalSection(SolutionConfigurationPlatforms) = preSolution
		Debug|Any CPU = Debug|Any CPU
		Release|Any CPU = Release|Any CPU
	EndGlobalSection
	GlobalSection(ProjectConfigurationPlatforms) = postSolution
		{4054FB89-A408-416E-BD5B-B44B288CE203}.Debug|Any CPU.ActiveCfg = Debug|Any CPU
		{4054FB89-A408-416E-BD5B-B44B288CE203}.Debug|Any CPU.Build.0 = Debug|Any CPU
		{4054FB89-A408-416E-BD5B-B44B288CE203}.Release|Any CPU.ActiveCfg = Release|Any CPU
		{4054FB89-A408-416E-BD5B-B44B288CE203}.Release|Any CPU.Build.0 = Release|Any CPU
	EndGlobalSection
	GlobalSection(SolutionProperties) = preSolution
		HideSolutionNode = FALSE
	EndGlobalSection
	GlobalSection(ExtensibilityGlobals) = postSolution
		SolutionGuid = {32952A3B-E337-451C-811E-958E823F04E5}
	EndGlobalSection
EndGlobal
